// !$*UTF8*$!
{
	archiveVersion = 1;
	classes = {
	};
	objectVersion = 56;
	objects = {

/* Begin PBXBuildFile section */
		5F53F0D82996498200BB9DA1 /* Event.swift in Sources */ = {isa = PBXBuildFile; fileRef = 5F53F0D72996498200BB9DA1 /* Event.swift */; };
		5F53F0DA2996567500BB9DA1 /* NewEventViewModel.swift in Sources */ = {isa = PBXBuildFile; fileRef = 5F53F0D92996567500BB9DA1 /* NewEventViewModel.swift */; };
		5F53F0DE299694FA00BB9DA1 /* EventHomeView.swift in Sources */ = {isa = PBXBuildFile; fileRef = 5F53F0DD299694FA00BB9DA1 /* EventHomeView.swift */; };
		5FB200432995BAA000C885D0 /* festipalsAppApp.swift in Sources */ = {isa = PBXBuildFile; fileRef = 5FB200422995BAA000C885D0 /* festipalsAppApp.swift */; };
		5FB200452995BAA000C885D0 /* LogInView.swift in Sources */ = {isa = PBXBuildFile; fileRef = 5FB200442995BAA000C885D0 /* LogInView.swift */; };
		5FB200472995BAA200C885D0 /* Assets.xcassets in Resources */ = {isa = PBXBuildFile; fileRef = 5FB200462995BAA200C885D0 /* Assets.xcassets */; };
		5FB2004A2995BAA200C885D0 /* Preview Assets.xcassets in Resources */ = {isa = PBXBuildFile; fileRef = 5FB200492995BAA200C885D0 /* Preview Assets.xcassets */; };
		5FB200522995C5CF00C885D0 /* FirebaseAuth in Frameworks */ = {isa = PBXBuildFile; productRef = 5FB200512995C5CF00C885D0 /* FirebaseAuth */; };
		5FB200542995C5CF00C885D0 /* FirebaseFirestore in Frameworks */ = {isa = PBXBuildFile; productRef = 5FB200532995C5CF00C885D0 /* FirebaseFirestore */; };
		5FB200562995C5CF00C885D0 /* FirebaseFirestoreSwift in Frameworks */ = {isa = PBXBuildFile; productRef = 5FB200552995C5CF00C885D0 /* FirebaseFirestoreSwift */; };
		5FB200582995C5CF00C885D0 /* FirebaseStorage in Frameworks */ = {isa = PBXBuildFile; productRef = 5FB200572995C5CF00C885D0 /* FirebaseStorage */; };
		5FB2005A2995C83F00C885D0 /* GoogleService-Info.plist in Resources */ = {isa = PBXBuildFile; fileRef = 5FB200592995C83F00C885D0 /* GoogleService-Info.plist */; };
		5FB2005C2995D33200C885D0 /* ImagePicker.swift in Sources */ = {isa = PBXBuildFile; fileRef = 5FB2005B2995D33200C885D0 /* ImagePicker.swift */; };
		5FB2005E2996010100C885D0 /* AllEventsView.swift in Sources */ = {isa = PBXBuildFile; fileRef = 5FB2005D2996010100C885D0 /* AllEventsView.swift */; };
		5FB2006429962F8700C885D0 /* User.swift in Sources */ = {isa = PBXBuildFile; fileRef = 5FB2006329962F8700C885D0 /* User.swift */; };
		5FB200662996379C00C885D0 /* NewEventView.swift in Sources */ = {isa = PBXBuildFile; fileRef = 5FB200652996379C00C885D0 /* NewEventView.swift */; };
/* End PBXBuildFile section */

/* Begin PBXFileReference section */
		5F53F0D72996498200BB9DA1 /* Event.swift */ = {isa = PBXFileReference; lastKnownFileType = sourcecode.swift; path = Event.swift; sourceTree = "<group>"; };
		5F53F0D92996567500BB9DA1 /* NewEventViewModel.swift */ = {isa = PBXFileReference; lastKnownFileType = sourcecode.swift; path = NewEventViewModel.swift; sourceTree = "<group>"; };
		5F53F0DD299694FA00BB9DA1 /* EventHomeView.swift */ = {isa = PBXFileReference; lastKnownFileType = sourcecode.swift; path = EventHomeView.swift; sourceTree = "<group>"; };
		5FB2003F2995BAA000C885D0 /* festipalsApp.app */ = {isa = PBXFileReference; explicitFileType = wrapper.application; includeInIndex = 0; path = festipalsApp.app; sourceTree = BUILT_PRODUCTS_DIR; };
		5FB200422995BAA000C885D0 /* festipalsAppApp.swift */ = {isa = PBXFileReference; lastKnownFileType = sourcecode.swift; path = festipalsAppApp.swift; sourceTree = "<group>"; };
		5FB200442995BAA000C885D0 /* LogInView.swift */ = {isa = PBXFileReference; lastKnownFileType = sourcecode.swift; path = LogInView.swift; sourceTree = "<group>"; };
		5FB200462995BAA200C885D0 /* Assets.xcassets */ = {isa = PBXFileReference; lastKnownFileType = folder.assetcatalog; path = Assets.xcassets; sourceTree = "<group>"; };
		5FB200492995BAA200C885D0 /* Preview Assets.xcassets */ = {isa = PBXFileReference; lastKnownFileType = folder.assetcatalog; path = "Preview Assets.xcassets"; sourceTree = "<group>"; };
		5FB200592995C83F00C885D0 /* GoogleService-Info.plist */ = {isa = PBXFileReference; fileEncoding = 4; lastKnownFileType = text.plist.xml; path = "GoogleService-Info.plist"; sourceTree = "<group>"; };
		5FB2005B2995D33200C885D0 /* ImagePicker.swift */ = {isa = PBXFileReference; lastKnownFileType = sourcecode.swift; path = ImagePicker.swift; sourceTree = "<group>"; };
		5FB2005D2996010100C885D0 /* AllEventsView.swift */ = {isa = PBXFileReference; lastKnownFileType = sourcecode.swift; path = AllEventsView.swift; sourceTree = "<group>"; };
		5FB2006329962F8700C885D0 /* User.swift */ = {isa = PBXFileReference; lastKnownFileType = sourcecode.swift; path = User.swift; sourceTree = "<group>"; };
		5FB200652996379C00C885D0 /* NewEventView.swift */ = {isa = PBXFileReference; lastKnownFileType = sourcecode.swift; path = NewEventView.swift; sourceTree = "<group>"; };
/* End PBXFileReference section */

/* Begin PBXFrameworksBuildPhase section */
		5FB2003C2995BAA000C885D0 /* Frameworks */ = {
			isa = PBXFrameworksBuildPhase;
			buildActionMask = 2147483647;
			files = (
				5FB200522995C5CF00C885D0 /* FirebaseAuth in Frameworks */,
				5FB200582995C5CF00C885D0 /* FirebaseStorage in Frameworks */,
				5FB200542995C5CF00C885D0 /* FirebaseFirestore in Frameworks */,
				5FB200562995C5CF00C885D0 /* FirebaseFirestoreSwift in Frameworks */,
			);
			runOnlyForDeploymentPostprocessing = 0;
		};
/* End PBXFrameworksBuildPhase section */

/* Begin PBXGroup section */
		5FB200362995BA9F00C885D0 = {
			isa = PBXGroup;
			children = (
				5FB200412995BAA000C885D0 /* festipalsApp */,
				5FB200402995BAA000C885D0 /* Products */,
			);
			sourceTree = "<group>";
		};
		5FB200402995BAA000C885D0 /* Products */ = {
			isa = PBXGroup;
			children = (
				5FB2003F2995BAA000C885D0 /* festipalsApp.app */,
			);
			name = Products;
			sourceTree = "<group>";
		};
		5FB200412995BAA000C885D0 /* festipalsApp */ = {
			isa = PBXGroup;
			children = (
				5FB200422995BAA000C885D0 /* festipalsAppApp.swift */,
				5FB200442995BAA000C885D0 /* LogInView.swift */,
				5FB2005D2996010100C885D0 /* AllEventsView.swift */,
				5F53F0DD299694FA00BB9DA1 /* EventHomeView.swift */,
				5FB200652996379C00C885D0 /* NewEventView.swift */,
				5F53F0D92996567500BB9DA1 /* NewEventViewModel.swift */,
				5FB2006229962F6300C885D0 /* Models */,
				5FB2005B2995D33200C885D0 /* ImagePicker.swift */,
				5FB200462995BAA200C885D0 /* Assets.xcassets */,
				5FB200592995C83F00C885D0 /* GoogleService-Info.plist */,
				5FB200482995BAA200C885D0 /* Preview Content */,
			);
			path = festipalsApp;
			sourceTree = "<group>";
		};
		5FB200482995BAA200C885D0 /* Preview Content */ = {
			isa = PBXGroup;
			children = (
				5FB200492995BAA200C885D0 /* Preview Assets.xcassets */,
			);
			path = "Preview Content";
			sourceTree = "<group>";
		};
		5FB2006229962F6300C885D0 /* Models */ = {
			isa = PBXGroup;
			children = (
				5FB2006329962F8700C885D0 /* User.swift */,
				5F53F0D72996498200BB9DA1 /* Event.swift */,
			);
			path = Models;
			sourceTree = "<group>";
		};
/* End PBXGroup section */

/* Begin PBXNativeTarget section */
		5FB2003E2995BAA000C885D0 /* festipalsApp */ = {
			isa = PBXNativeTarget;
			buildConfigurationList = 5FB2004D2995BAA200C885D0 /* Build configuration list for PBXNativeTarget "festipalsApp" */;
			buildPhases = (
				5FB2003B2995BAA000C885D0 /* Sources */,
				5FB2003C2995BAA000C885D0 /* Frameworks */,
				5FB2003D2995BAA000C885D0 /* Resources */,
			);
			buildRules = (
			);
			dependencies = (
			);
			name = festipalsApp;
			packageProductDependencies = (
				5FB200512995C5CF00C885D0 /* FirebaseAuth */,
				5FB200532995C5CF00C885D0 /* FirebaseFirestore */,
				5FB200552995C5CF00C885D0 /* FirebaseFirestoreSwift */,
				5FB200572995C5CF00C885D0 /* FirebaseStorage */,
			);
			productName = festipalsApp;
			productReference = 5FB2003F2995BAA000C885D0 /* festipalsApp.app */;
			productType = "com.apple.product-type.application";
		};
/* End PBXNativeTarget section */

/* Begin PBXProject section */
		5FB200372995BAA000C885D0 /* Project object */ = {
			isa = PBXProject;
			attributes = {
				BuildIndependentTargetsInParallel = 1;
				LastSwiftUpdateCheck = 1420;
				LastUpgradeCheck = 1420;
				TargetAttributes = {
					5FB2003E2995BAA000C885D0 = {
						CreatedOnToolsVersion = 14.2;
					};
				};
			};
			buildConfigurationList = 5FB2003A2995BAA000C885D0 /* Build configuration list for PBXProject "festipalsApp" */;
			compatibilityVersion = "Xcode 14.0";
			developmentRegion = en;
			hasScannedForEncodings = 0;
			knownRegions = (
				en,
				Base,
			);
			mainGroup = 5FB200362995BA9F00C885D0;
			packageReferences = (
				5FB200502995C5CF00C885D0 /* XCRemoteSwiftPackageReference "firebase-ios-sdk" */,
			);
			productRefGroup = 5FB200402995BAA000C885D0 /* Products */;
			projectDirPath = "";
			projectRoot = "";
			targets = (
				5FB2003E2995BAA000C885D0 /* festipalsApp */,
			);
		};
/* End PBXProject section */

/* Begin PBXResourcesBuildPhase section */
		5FB2003D2995BAA000C885D0 /* Resources */ = {
			isa = PBXResourcesBuildPhase;
			buildActionMask = 2147483647;
			files = (
				5FB2004A2995BAA200C885D0 /* Preview Assets.xcassets in Resources */,
				5FB200472995BAA200C885D0 /* Assets.xcassets in Resources */,
				5FB2005A2995C83F00C885D0 /* GoogleService-Info.plist in Resources */,
			);
			runOnlyForDeploymentPostprocessing = 0;
		};
/* End PBXResourcesBuildPhase section */

/* Begin PBXSourcesBuildPhase section */
		5FB2003B2995BAA000C885D0 /* Sources */ = {
			isa = PBXSourcesBuildPhase;
			buildActionMask = 2147483647;
			files = (
				5FB2005C2995D33200C885D0 /* ImagePicker.swift in Sources */,
				5FB200452995BAA000C885D0 /* LogInView.swift in Sources */,
				5F53F0DA2996567500BB9DA1 /* NewEventViewModel.swift in Sources */,
				5FB200432995BAA000C885D0 /* festipalsAppApp.swift in Sources */,
				5FB2006429962F8700C885D0 /* User.swift in Sources */,
				5FB200662996379C00C885D0 /* NewEventView.swift in Sources */,
				5F53F0D82996498200BB9DA1 /* Event.swift in Sources */,
				5F53F0DE299694FA00BB9DA1 /* EventHomeView.swift in Sources */,
				5FB2005E2996010100C885D0 /* AllEventsView.swift in Sources */,
			);
			runOnlyForDeploymentPostprocessing = 0;
		};
/* End PBXSourcesBuildPhase section */

/* Begin XCBuildConfiguration section */
		5FB2004B2995BAA200C885D0 /* Debug */ = {
			isa = XCBuildConfiguration;
			buildSettings = {
				ALWAYS_SEARCH_USER_PATHS = NO;
				CLANG_ANALYZER_NONNULL = YES;
				CLANG_ANALYZER_NUMBER_OBJECT_CONVERSION = YES_AGGRESSIVE;
				CLANG_CXX_LANGUAGE_STANDARD = "gnu++20";
				CLANG_ENABLE_MODULES = YES;
				CLANG_ENABLE_OBJC_ARC = YES;
				CLANG_ENABLE_OBJC_WEAK = YES;
				CLANG_WARN_BLOCK_CAPTURE_AUTORELEASING = YES;
				CLANG_WARN_BOOL_CONVERSION = YES;
				CLANG_WARN_COMMA = YES;
				CLANG_WARN_CONSTANT_CONVERSION = YES;
				CLANG_WARN_DEPRECATED_OBJC_IMPLEMENTATIONS = YES;
				CLANG_WARN_DIRECT_OBJC_ISA_USAGE = YES_ERROR;
				CLANG_WARN_DOCUMENTATION_COMMENTS = YES;
				CLANG_WARN_EMPTY_BODY = YES;
				CLANG_WARN_ENUM_CONVERSION = YES;
				CLANG_WARN_INFINITE_RECURSION = YES;
				CLANG_WARN_INT_CONVERSION = YES;
				CLANG_WARN_NON_LITERAL_NULL_CONVERSION = YES;
				CLANG_WARN_OBJC_IMPLICIT_RETAIN_SELF = YES;
				CLANG_WARN_OBJC_LITERAL_CONVERSION = YES;
				CLANG_WARN_OBJC_ROOT_CLASS = YES_ERROR;
				CLANG_WARN_QUOTED_INCLUDE_IN_FRAMEWORK_HEADER = YES;
				CLANG_WARN_RANGE_LOOP_ANALYSIS = YES;
				CLANG_WARN_STRICT_PROTOTYPES = YES;
				CLANG_WARN_SUSPICIOUS_MOVE = YES;
				CLANG_WARN_UNGUARDED_AVAILABILITY = YES_AGGRESSIVE;
				CLANG_WARN_UNREACHABLE_CODE = YES;
				CLANG_WARN__DUPLICATE_METHOD_MATCH = YES;
				COPY_PHASE_STRIP = NO;
				DEBUG_INFORMATION_FORMAT = dwarf;
				ENABLE_STRICT_OBJC_MSGSEND = YES;
				ENABLE_TESTABILITY = YES;
				GCC_C_LANGUAGE_STANDARD = gnu11;
				GCC_DYNAMIC_NO_PIC = NO;
				GCC_NO_COMMON_BLOCKS = YES;
				GCC_OPTIMIZATION_LEVEL = 0;
				GCC_PREPROCESSOR_DEFINITIONS = (
					"DEBUG=1",
					"$(inherited)",
				);
				GCC_WARN_64_TO_32_BIT_CONVERSION = YES;
				GCC_WARN_ABOUT_RETURN_TYPE = YES_ERROR;
				GCC_WARN_UNDECLARED_SELECTOR = YES;
				GCC_WARN_UNINITIALIZED_AUTOS = YES_AGGRESSIVE;
				GCC_WARN_UNUSED_FUNCTION = YES;
				GCC_WARN_UNUSED_VARIABLE = YES;
				IPHONEOS_DEPLOYMENT_TARGET = 16.2;
				MTL_ENABLE_DEBUG_INFO = INCLUDE_SOURCE;
				MTL_FAST_MATH = YES;
				ONLY_ACTIVE_ARCH = YES;
				SDKROOT = iphoneos;
				SWIFT_ACTIVE_COMPILATION_CONDITIONS = DEBUG;
				SWIFT_OPTIMIZATION_LEVEL = "-Onone";
			};
			name = Debug;
		};
		5FB2004C2995BAA200C885D0 /* Release */ = {
			isa = XCBuildConfiguration;
			buildSettings = {
				ALWAYS_SEARCH_USER_PATHS = NO;
				CLANG_ANALYZER_NONNULL = YES;
				CLANG_ANALYZER_NUMBER_OBJECT_CONVERSION = YES_AGGRESSIVE;
				CLANG_CXX_LANGUAGE_STANDARD = "gnu++20";
				CLANG_ENABLE_MODULES = YES;
				CLANG_ENABLE_OBJC_ARC = YES;
				CLANG_ENABLE_OBJC_WEAK = YES;
				CLANG_WARN_BLOCK_CAPTURE_AUTORELEASING = YES;
				CLANG_WARN_BOOL_CONVERSION = YES;
				CLANG_WARN_COMMA = YES;
				CLANG_WARN_CONSTANT_CONVERSION = YES;
				CLANG_WARN_DEPRECATED_OBJC_IMPLEMENTATIONS = YES;
				CLANG_WARN_DIRECT_OBJC_ISA_USAGE = YES_ERROR;
				CLANG_WARN_DOCUMENTATION_COMMENTS = YES;
				CLANG_WARN_EMPTY_BODY = YES;
				CLANG_WARN_ENUM_CONVERSION = YES;
				CLANG_WARN_INFINITE_RECURSION = YES;
				CLANG_WARN_INT_CONVERSION = YES;
				CLANG_WARN_NON_LITERAL_NULL_CONVERSION = YES;
				CLANG_WARN_OBJC_IMPLICIT_RETAIN_SELF = YES;
				CLANG_WARN_OBJC_LITERAL_CONVERSION = YES;
				CLANG_WARN_OBJC_ROOT_CLASS = YES_ERROR;
				CLANG_WARN_QUOTED_INCLUDE_IN_FRAMEWORK_HEADER = YES;
				CLANG_WARN_RANGE_LOOP_ANALYSIS = YES;
				CLANG_WARN_STRICT_PROTOTYPES = YES;
				CLANG_WARN_SUSPICIOUS_MOVE = YES;
				CLANG_WARN_UNGUARDED_AVAILABILITY = YES_AGGRESSIVE;
				CLANG_WARN_UNREACHABLE_CODE = YES;
				CLANG_WARN__DUPLICATE_METHOD_MATCH = YES;
				COPY_PHASE_STRIP = NO;
				DEBUG_INFORMATION_FORMAT = "dwarf-with-dsym";
				ENABLE_NS_ASSERTIONS = NO;
				ENABLE_STRICT_OBJC_MSGSEND = YES;
				GCC_C_LANGUAGE_STANDARD = gnu11;
				GCC_NO_COMMON_BLOCKS = YES;
				GCC_WARN_64_TO_32_BIT_CONVERSION = YES;
				GCC_WARN_ABOUT_RETURN_TYPE = YES_ERROR;
				GCC_WARN_UNDECLARED_SELECTOR = YES;
				GCC_WARN_UNINITIALIZED_AUTOS = YES_AGGRESSIVE;
				GCC_WARN_UNUSED_FUNCTION = YES;
				GCC_WARN_UNUSED_VARIABLE = YES;
				IPHONEOS_DEPLOYMENT_TARGET = 16.2;
				MTL_ENABLE_DEBUG_INFO = NO;
				MTL_FAST_MATH = YES;
				SDKROOT = iphoneos;
				SWIFT_COMPILATION_MODE = wholemodule;
				SWIFT_OPTIMIZATION_LEVEL = "-O";
				VALIDATE_PRODUCT = YES;
			};
			name = Release;
		};
		5FB2004E2995BAA200C885D0 /* Debug */ = {
			isa = XCBuildConfiguration;
			buildSettings = {
				ASSETCATALOG_COMPILER_APPICON_NAME = AppIcon;
				ASSETCATALOG_COMPILER_GLOBAL_ACCENT_COLOR_NAME = AccentColor;
				CODE_SIGN_STYLE = Automatic;
				CURRENT_PROJECT_VERSION = 1;
				DEVELOPMENT_ASSET_PATHS = "\"festipalsApp/Preview Content\"";
				DEVELOPMENT_TEAM = 2Z3R65K8DL;
				ENABLE_PREVIEWS = YES;
				GENERATE_INFOPLIST_FILE = YES;
				INFOPLIST_KEY_UIApplicationSceneManifest_Generation = YES;
				INFOPLIST_KEY_UIApplicationSupportsIndirectInputEvents = YES;
				INFOPLIST_KEY_UILaunchScreen_Generation = YES;
				INFOPLIST_KEY_UISupportedInterfaceOrientations_iPad = "UIInterfaceOrientationPortrait UIInterfaceOrientationPortraitUpsideDown UIInterfaceOrientationLandscapeLeft UIInterfaceOrientationLandscapeRight";
				INFOPLIST_KEY_UISupportedInterfaceOrientations_iPhone = "UIInterfaceOrientationPortrait UIInterfaceOrientationLandscapeLeft UIInterfaceOrientationLandscapeRight";
				LD_RUNPATH_SEARCH_PATHS = (
					"$(inherited)",
					"@executable_path/Frameworks",
				);
				MARKETING_VERSION = 1.0;
				PRODUCT_BUNDLE_IDENTIFIER = com.sierrajordan.festipalsApp;
				PRODUCT_NAME = "$(TARGET_NAME)";
				SWIFT_EMIT_LOC_STRINGS = YES;
				SWIFT_VERSION = 5.0;
				TARGETED_DEVICE_FAMILY = "1,2";
			};
			name = Debug;
		};
		5FB2004F2995BAA200C885D0 /* Release */ = {
			isa = XCBuildConfiguration;
			buildSettings = {
				ASSETCATALOG_COMPILER_APPICON_NAME = AppIcon;
				ASSETCATALOG_COMPILER_GLOBAL_ACCENT_COLOR_NAME = AccentColor;
				CODE_SIGN_STYLE = Automatic;
				CURRENT_PROJECT_VERSION = 1;
				DEVELOPMENT_ASSET_PATHS = "\"festipalsApp/Preview Content\"";
				DEVELOPMENT_TEAM = 2Z3R65K8DL;
				ENABLE_PREVIEWS = YES;
				GENERATE_INFOPLIST_FILE = YES;
				INFOPLIST_KEY_UIApplicationSceneManifest_Generation = YES;
				INFOPLIST_KEY_UIApplicationSupportsIndirectInputEvents = YES;
				INFOPLIST_KEY_UILaunchScreen_Generation = YES;
				INFOPLIST_KEY_UISupportedInterfaceOrientations_iPad = "UIInterfaceOrientationPortrait UIInterfaceOrientationPortraitUpsideDown UIInterfaceOrientationLandscapeLeft UIInterfaceOrientationLandscapeRight";
				INFOPLIST_KEY_UISupportedInterfaceOrientations_iPhone = "UIInterfaceOrientationPortrait UIInterfaceOrientationLandscapeLeft UIInterfaceOrientationLandscapeRight";
				LD_RUNPATH_SEARCH_PATHS = (
					"$(inherited)",
					"@executable_path/Frameworks",
				);
				MARKETING_VERSION = 1.0;
				PRODUCT_BUNDLE_IDENTIFIER = com.sierrajordan.festipalsApp;
				PRODUCT_NAME = "$(TARGET_NAME)";
				SWIFT_EMIT_LOC_STRINGS = YES;
				SWIFT_VERSION = 5.0;
				TARGETED_DEVICE_FAMILY = "1,2";
			};
			name = Release;
		};
/* End XCBuildConfiguration section */

/* Begin XCConfigurationList section */
		5FB2003A2995BAA000C885D0 /* Build configuration list for PBXProject "festipalsApp" */ = {
			isa = XCConfigurationList;
			buildConfigurations = (
				5FB2004B2995BAA200C885D0 /* Debug */,
				5FB2004C2995BAA200C885D0 /* Release */,
			);
			defaultConfigurationIsVisible = 0;
			defaultConfigurationName = Release;
		};
		5FB2004D2995BAA200C885D0 /* Build configuration list for PBXNativeTarget "festipalsApp" */ = {
			isa = XCConfigurationList;
			buildConfigurations = (
				5FB2004E2995BAA200C885D0 /* Debug */,
				5FB2004F2995BAA200C885D0 /* Release */,
			);
			defaultConfigurationIsVisible = 0;
			defaultConfigurationName = Release;
		};
/* End XCConfigurationList section */

/* Begin XCRemoteSwiftPackageReference section */
		5FB200502995C5CF00C885D0 /* XCRemoteSwiftPackageReference "firebase-ios-sdk" */ = {
			isa = XCRemoteSwiftPackageReference;
			repositoryURL = "https://github.com/firebase/firebase-ios-sdk.git";
			requirement = {
				branch = master;
				kind = branch;
			};
		};
/* End XCRemoteSwiftPackageReference section */

/* Begin XCSwiftPackageProductDependency section */
		5FB200512995C5CF00C885D0 /* FirebaseAuth */ = {
			isa = XCSwiftPackageProductDependency;
			package = 5FB200502995C5CF00C885D0 /* XCRemoteSwiftPackageReference "firebase-ios-sdk" */;
			productName = FirebaseAuth;
		};
		5FB200532995C5CF00C885D0 /* FirebaseFirestore */ = {
			isa = XCSwiftPackageProductDependency;
			package = 5FB200502995C5CF00C885D0 /* XCRemoteSwiftPackageReference "firebase-ios-sdk" */;
			productName = FirebaseFirestore;
		};
		5FB200552995C5CF00C885D0 /* FirebaseFirestoreSwift */ = {
			isa = XCSwiftPackageProductDependency;
			package = 5FB200502995C5CF00C885D0 /* XCRemoteSwiftPackageReference "firebase-ios-sdk" */;
			productName = FirebaseFirestoreSwift;
		};
		5FB200572995C5CF00C885D0 /* FirebaseStorage */ = {
			isa = XCSwiftPackageProductDependency;
			package = 5FB200502995C5CF00C885D0 /* XCRemoteSwiftPackageReference "firebase-ios-sdk" */;
			productName = FirebaseStorage;
		};
/* End XCSwiftPackageProductDependency section */
	};
	rootObject = 5FB200372995BAA000C885D0 /* Project object */;
}
